{
	"name": "@converse/headless",
	"version": "6.0.0",
	"lockfileVersion": 1,
	"requires": true,
	"dependencies": {
		"@converse/skeletor": {
			"version": "github:conversejs/skeletor#b260c554f4ce961c29deea4740083e58a489aa9b",
			"from": "github:conversejs/skeletor#b260c554f4ce961c29deea4740083e58a489aa9b",
			"dev": true,
			"requires": {
				"lit-html": "^1.2.1",
				"lodash-es": "^4.17.14"
			}
		},
		"@xmldom/xmldom": {
			"version": "0.8.2",
			"resolved": "https://registry.npmjs.org/@xmldom/xmldom/-/xmldom-0.8.2.tgz",
			"integrity": "sha512-+R0juSseERyoPvnBQ/cZih6bpF7IpCXlWbHRoCRzYzqpz6gWHOgf8o4MOEf6KBVuOyqU+gCNLkCWVIJAro8XyQ==",
			"dev": true,
			"optional": true
		},
		"abab": {
			"version": "2.0.6",
			"resolved": "https://registry.npmjs.org/abab/-/abab-2.0.6.tgz",
			"integrity": "sha512-j2afSsaIENvHZN2B8GOpF566vZ5WVk5opAiMTvWgaQT8DkbOqsTfvNAvHoRGU2zzP8cPoqys+xHTRDWW8L+/BA==",
			"dev": true
		},
		"anymatch": {
			"version": "3.1.2",
			"resolved": "https://registry.npmjs.org/anymatch/-/anymatch-3.1.2.tgz",
			"integrity": "sha512-P43ePfOAIupkguHUycrc4qJ9kz8ZiuOUijaETwX7THt0Y/GNK7v0aa8rY816xWjZ7rJdA5XdMcpVFTKMq+RvWg==",
			"dev": true,
			"requires": {
				"normalize-path": "^3.0.0",
				"picomatch": "^2.0.4"
			}
		},
		"binary-extensions": {
			"version": "2.2.0",
			"resolved": "https://registry.npmjs.org/binary-extensions/-/binary-extensions-2.2.0.tgz",
			"integrity": "sha512-jDctJ/IVQbZoJykoeHbhXpOlNBqGNcwXJKJog42E5HDPUwQTSdjCHdihjj0DlnheQ7blbT6dHOafNAiS8ooQKA==",
			"dev": true
		},
		"braces": {
			"version": "3.0.2",
			"resolved": "https://registry.npmjs.org/braces/-/braces-3.0.2.tgz",
			"integrity": "sha512-b8um+L1RzM3WDSzvhm6gIz1yfTbBt6YTlcEKAvsmqCZZFw46z626lVj9j1yEPW33H5H+lBQpZMP1k8l+78Ha0A==",
			"dev": true,
			"requires": {
				"fill-range": "^7.0.1"
			}
		},
		"chokidar": {
			"version": "3.5.3",
			"resolved": "https://registry.npmjs.org/chokidar/-/chokidar-3.5.3.tgz",
			"integrity": "sha512-Dr3sfKRP6oTcjf2JmUmFJfeVMvXBdegxB0iVQ5eb2V10uFJUCAS8OByZdVAyVb8xXNz3GjjTgj9kLWsZTqE6kw==",
			"dev": true,
			"requires": {
				"anymatch": "~3.1.2",
				"braces": "~3.0.2",
				"fsevents": "~2.3.2",
				"glob-parent": "~5.1.2",
				"is-binary-path": "~2.1.0",
				"is-glob": "~4.0.1",
				"normalize-path": "~3.0.0",
				"readdirp": "~3.6.0"
			}
		},
		"debounce": {
			"version": "1.2.1",
			"resolved": "https://registry.npmjs.org/debounce/-/debounce-1.2.1.tgz",
			"integrity": "sha512-XRRe6Glud4rd/ZGQfiV1ruXSfbvfJedlV9Y6zOlP+2K04vBYiJEte6stfFkCP03aMnY5tsipamumUjL14fofug==",
			"dev": true
		},
		"filesize": {
			"version": "6.1.0",
			"resolved": "https://registry.npmjs.org/filesize/-/filesize-6.1.0.tgz",
			"integrity": "sha512-LpCHtPQ3sFx67z+uh2HnSyWSLLu5Jxo21795uRDuar/EOuYWXib5EmPaGIBuSnRqH2IODiKA2k5re/K9OnN/Yg==",
			"dev": true
		},
		"fill-range": {
			"version": "7.0.1",
			"resolved": "https://registry.npmjs.org/fill-range/-/fill-range-7.0.1.tgz",
			"integrity": "sha512-qOo9F+dMUmC2Lcb4BbVvnKJxTPjCm+RRpe4gDuGrzkL7mEVl/djYSu2OdQ2Pa302N4oqkSg9ir6jaLWJ2USVpQ==",
			"dev": true,
			"requires": {
				"to-regex-range": "^5.0.1"
			}
		},
		"fsevents": {
			"version": "2.3.2",
			"resolved": "https://registry.npmjs.org/fsevents/-/fsevents-2.3.2.tgz",
			"integrity": "sha512-xiqMQR4xAeHTuB9uWm+fFRcIOgKBMiOBP+eXiyT7jsgVCq1bkVygt00oASowB7EdtpOHaaPgKt812P9ab+DDKA==",
			"dev": true,
			"optional": true
		},
		"glob-parent": {
			"version": "5.1.2",
			"resolved": "https://registry.npmjs.org/glob-parent/-/glob-parent-5.1.2.tgz",
			"integrity": "sha512-AOIgSQCepiJYwP3ARnGx+5VnTu2HBYdzbGP45eLw1vr3zB3vZLeyed1sC9hnbcOc9/SrMyM5RPQrkGz4aS9Zow==",
			"dev": true,
			"requires": {
				"is-glob": "^4.0.1"
			}
		},
		"immediate": {
			"version": "3.0.6",
			"resolved": "https://registry.npmjs.org/immediate/-/immediate-3.0.6.tgz",
			"integrity": "sha1-nbHb0Pr43m++D13V5Wu2BigN5ps=",
			"dev": true
		},
		"is-binary-path": {
			"version": "2.1.0",
			"resolved": "https://registry.npmjs.org/is-binary-path/-/is-binary-path-2.1.0.tgz",
			"integrity": "sha512-ZMERYes6pDydyuGidse7OsHxtbI7WVeUEozgR/g7rd0xUimYNlvZRE/K2MgZTjWy725IfelLeVcEM97mmtRGXw==",
			"dev": true,
			"requires": {
				"binary-extensions": "^2.0.0"
			}
		},
		"is-extglob": {
			"version": "2.1.1",
			"resolved": "https://registry.npmjs.org/is-extglob/-/is-extglob-2.1.1.tgz",
			"integrity": "sha512-SbKbANkN603Vi4jEZv49LeVJMn4yGwsbzZworEoyEiutsN3nJYdbO36zfhGJ6QEDpOZIFkDtnq5JRxmvl3jsoQ==",
			"dev": true
		},
		"is-glob": {
			"version": "4.0.3",
			"resolved": "https://registry.npmjs.org/is-glob/-/is-glob-4.0.3.tgz",
			"integrity": "sha512-xelSayHH36ZgE7ZWhli7pW34hNbNl8Ojv5KVmkJD4hBdD3th8Tfk9vYasLM+mXWOZhFkgZfxhLSnrwRr4elSSg==",
			"dev": true,
			"requires": {
				"is-extglob": "^2.1.1"
			}
		},
		"is-number": {
			"version": "7.0.0",
			"resolved": "https://registry.npmjs.org/is-number/-/is-number-7.0.0.tgz",
			"integrity": "sha512-41Cifkg6e8TylSpdtTpeLVMqvSBEVzTttHvERD741+pnZ8ANv0004MRL43QKPDlK9cGvNp6NZWZUBlbGXYxxng==",
			"dev": true
		},
		"jed": {
			"version": "1.1.1",
			"resolved": "https://registry.npmjs.org/jed/-/jed-1.1.1.tgz",
			"integrity": "sha1-elSbvZ/+FYWwzQoZHiAwVb7ldLQ=",
			"dev": true
		},
		"karma-rollup-preprocessor": {
			"version": "7.0.8",
			"resolved": "https://registry.npmjs.org/karma-rollup-preprocessor/-/karma-rollup-preprocessor-7.0.8.tgz",
			"integrity": "sha512-WiuBCS9qsatJuR17dghiTARBZ7LF+ml+eb7qJXhw7IbsdY0lTWELDRQC/93J9i6636CsAXVBL3VJF4WtaFLZzA==",
			"dev": true,
			"requires": {
				"chokidar": "^3.3.1",
				"debounce": "^1.2.0"
			}
		},
		"lie": {
			"version": "3.1.1",
			"resolved": "https://registry.npmjs.org/lie/-/lie-3.1.1.tgz",
			"integrity": "sha1-mkNrLMd0bKWd56QfpGmz77dr2H4=",
			"dev": true,
			"requires": {
				"immediate": "~3.0.5"
			}
		},
		"lit-html": {
			"version": "1.2.1",
			"resolved": "https://registry.npmjs.org/lit-html/-/lit-html-1.2.1.tgz",
			"integrity": "sha512-GSJHHXMGLZDzTRq59IUfL9FCdAlGfqNp/dEa7k7aBaaWD+JKaCjsAk9KYm2V12ItonVaYx2dprN66Zdm1AuBTQ==",
			"dev": true
		},
		"localforage": {
			"version": "1.7.3",
			"resolved": "https://registry.npmjs.org/localforage/-/localforage-1.7.3.tgz",
			"integrity": "sha512-1TulyYfc4udS7ECSBT2vwJksWbkwwTX8BzeUIiq8Y07Riy7bDAAnxDaPU/tWyOVmQAcWJIEIFP9lPfBGqVoPgQ==",
			"dev": true,
			"requires": {
				"lie": "3.1.1"
			}
		},
		"lodash": {
			"version": "4.17.19",
			"resolved": "https://registry.npmjs.org/lodash/-/lodash-4.17.19.tgz",
			"integrity": "sha512-JNvd8XER9GQX0v2qJgsaN/mzFCNA5BRe/j8JN9d+tWyGLSodKQHKFicdwNYzWwI3wjRnaKPsGj1XkBjx/F96DQ==",
			"dev": true
		},
		"lodash-es": {
			"version": "4.17.15",
			"resolved": "https://registry.npmjs.org/lodash-es/-/lodash-es-4.17.15.tgz",
			"integrity": "sha512-rlrc3yU3+JNOpZ9zj5pQtxnx2THmvRykwL4Xlxoa8I9lHBlVbbyPhgyPMioxVZ4NqyxaVVtaJnzsyOidQIhyyQ==",
			"dev": true
		},
		"normalize-path": {
			"version": "3.0.0",
			"resolved": "https://registry.npmjs.org/normalize-path/-/normalize-path-3.0.0.tgz",
			"integrity": "sha512-6eZs5Ls3WtCisHWp9S2GUy8dqkpGi4BVSz3GaqiE6ezub0512ESztXUwUB6C6IKbQkY2Pnb/mD4WYojCRwcwLA==",
			"dev": true
		},
		"picomatch": {
			"version": "2.3.1",
			"resolved": "https://registry.npmjs.org/picomatch/-/picomatch-2.3.1.tgz",
			"integrity": "sha512-JU3teHTNjmE2VCGFzuY8EXzCDVwEqB2a8fsIvwaStHhAWJEeVd1o1QD80CU6+ZdEXXSLbSsuLwJjkCBWqRQUVA==",
			"dev": true
		},
		"pluggable.js": {
			"version": "2.0.1",
			"resolved": "https://registry.npmjs.org/pluggable.js/-/pluggable.js-2.0.1.tgz",
			"integrity": "sha512-SBt6v6Tbp20Jf8hU0cpcc/+HBHGMY8/Q+yA6Ih0tBQE8tfdZ6U4PRG0iNvUUjLx/hVyOP53n0UfGBymlfaaXCg==",
			"dev": true,
			"requires": {
				"lodash": "^4.17.11"
			}
		},
		"readdirp": {
			"version": "3.6.0",
			"resolved": "https://registry.npmjs.org/readdirp/-/readdirp-3.6.0.tgz",
			"integrity": "sha512-hOS089on8RduqdbhvQ5Z37A0ESjsqz6qnRcffsMU3495FuTdqSm+7bhJ29JvIOsBDEEnan5DPu9t3To9VRlMzA==",
			"dev": true,
			"requires": {
				"picomatch": "^2.2.1"
			}
		},
		"strophe.js": {
			"version": "1.5.0",
			"resolved": "https://registry.npmjs.org/strophe.js/-/strophe.js-1.5.0.tgz",
			"integrity": "sha512-H5tE/tZxPR5xP3jhXyQwsjnMSwQMf7vrn9r1OkufTApyGHYe8WjzhsfxtL3AFhVu7vFjXPPZBrmUOTm1ccYgOA==",
			"dev": true,
			"requires": {
				"@xmldom/xmldom": "0.8.2",
				"abab": "^2.0.3",
				"karma-rollup-preprocessor": "^7.0.8",
				"ws": "^8.5.0"
			}
		},
		"to-regex-range": {
			"version": "5.0.1",
			"resolved": "https://registry.npmjs.org/to-regex-range/-/to-regex-range-5.0.1.tgz",
			"integrity": "sha512-65P7iz6X5yEr1cwcgvQxbbIw7Uk3gOy5dIdtZ4rDveLqhrdJP+Li/Hx6tyK0NEb+2GCyneCMJiGqrADCSNk8sQ==",
			"dev": true,
			"requires": {
				"is-number": "^7.0.0"
			}
		},
		"ws": {
			"version": "8.9.0",
			"resolved": "https://registry.npmjs.org/ws/-/ws-8.9.0.tgz",
			"integrity": "sha512-Ja7nszREasGaYUYCI2k4lCKIRTt+y7XuqVoHR44YpI49TtryyqbqvDMn5eqfW7e6HzTukDRIsXqzVHScqRcafg==",
			"dev": true,
			"optional": true
		}
	}
}
